
Microsoft Visual Studio Solution File, Format Version 12.00
# Visual Studio Version 17
VisualStudioVersion = 17.8.34330.188
MinimumVisualStudioVersion = 10.0.40219.1
Project("{9A19103F-16F7-4668-BE54-9A1E7A4F7556}") = "DSM.ERPerfect.WebApp", "DSM.ERPerfect.WebApp\DSM.ERPerfect.WebApp.csproj", "{1D0518EE-6B2E-4CB1-BD0B-C86A15531907}"
EndProject
Project("{FAE04EC0-301F-11D3-BF4B-00C04F79EFBC}") = "DSM.ERPerfect.Models", "DSM.ERPerfect.Models\DSM.ERPerfect.Models.csproj", "{AE59B558-00E5-4105-9775-23827A23C691}"
EndProject
Project("{FAE04EC0-301F-11D3-BF4B-00C04F79EFBC}") = "DSM.ERPerfect.BLL", "DSM.ERPerfect.BLL\DSM.ERPerfect.BLL.csproj", "{E5C184B2-25C1-42E2-B7EA-F81E753DD637}"
EndProject
Project("{FAE04EC0-301F-11D3-BF4B-00C04F79EFBC}") = "DSM.ERPerfect.Helpers", "DSM.ERPerfect.Helpers\DSM.ERPerfect.Helpers.csproj", "{60D83C53-5627-414E-82A4-CF36D43F89CD}"
EndProject
Project("{9A19103F-16F7-4668-BE54-9A1E7A4F7556}") = "DSM.ERPerfect.DAL", "DSM.ERPerfect.DAL\DSM.ERPerfect.DAL.csproj", "{C888FF81-ED58-4508-9FF3-235714A789F8}"
EndProject
Global
	GlobalSection(SolutionConfigurationPlatforms) = preSolution
		Debug|Any CPU = Debug|Any CPU
		Release|Any CPU = Release|Any CPU
	EndGlobalSection
	GlobalSection(ProjectConfigurationPlatforms) = postSolution
		{1D0518EE-6B2E-4CB1-BD0B-C86A15531907}.Debug|Any CPU.ActiveCfg = Debug|Any CPU
		{1D0518EE-6B2E-4CB1-BD0B-C86A15531907}.Debug|Any CPU.Build.0 = Debug|Any CPU
		{1D0518EE-6B2E-4CB1-BD0B-C86A15531907}.Release|Any CPU.ActiveCfg = Release|Any CPU
		{1D0518EE-6B2E-4CB1-BD0B-C86A15531907}.Release|Any CPU.Build.0 = Release|Any CPU
		{AE59B558-00E5-4105-9775-23827A23C691}.Debug|Any CPU.ActiveCfg = Debug|Any CPU
		{AE59B558-00E5-4105-9775-23827A23C691}.Debug|Any CPU.Build.0 = Debug|Any CPU
		{AE59B558-00E5-4105-9775-23827A23C691}.Release|Any CPU.ActiveCfg = Release|Any CPU
		{AE59B558-00E5-4105-9775-23827A23C691}.Release|Any CPU.Build.0 = Release|Any CPU
		{E5C184B2-25C1-42E2-B7EA-F81E753DD637}.Debug|Any CPU.ActiveCfg = Debug|Any CPU
		{E5C184B2-25C1-42E2-B7EA-F81E753DD637}.Debug|Any CPU.Build.0 = Debug|Any CPU
		{E5C184B2-25C1-42E2-B7EA-F81E753DD637}.Release|Any CPU.ActiveCfg = Release|Any CPU
		{E5C184B2-25C1-42E2-B7EA-F81E753DD637}.Release|Any CPU.Build.0 = Release|Any CPU
		{60D83C53-5627-414E-82A4-CF36D43F89CD}.Debug|Any CPU.ActiveCfg = Debug|Any CPU
		{60D83C53-5627-414E-82A4-CF36D43F89CD}.Debug|Any CPU.Build.0 = Debug|Any CPU
		{60D83C53-5627-414E-82A4-CF36D43F89CD}.Release|Any CPU.ActiveCfg = Release|Any CPU
		{60D83C53-5627-414E-82A4-CF36D43F89CD}.Release|Any CPU.Build.0 = Release|Any CPU
		{C888FF81-ED58-4508-9FF3-235714A789F8}.Debug|Any CPU.ActiveCfg = Debug|Any CPU
		{C888FF81-ED58-4508-9FF3-235714A789F8}.Debug|Any CPU.Build.0 = Debug|Any CPU
		{C888FF81-ED58-4508-9FF3-235714A789F8}.Release|Any CPU.ActiveCfg = Release|Any CPU
		{C888FF81-ED58-4508-9FF3-235714A789F8}.Release|Any CPU.Build.0 = Release|Any CPU
	EndGlobalSection
	GlobalSection(SolutionProperties) = preSolution
		HideSolutionNode = FALSE
	EndGlobalSection
	GlobalSection(ExtensibilityGlobals) = postSolution
		SolutionGuid = {DB236EA3-45D8-4D06-91DE-98FA13D5A448}
	EndGlobalSection
EndGlobal
